// !$*UTF8*$!
{
	archiveVersion = 1;
	classes = {
	};
	objectVersion = 46;
	objects = {

/* Begin PBXBuildFile section */
		4076623B1C877A3900A211AB /* DetailPokemon.swift in Sources */ = {isa = PBXBuildFile; fileRef = 4076623A1C877A3900A211AB /* DetailPokemon.swift */; };
		407662461C877AB500A211AB /* PokemonSkillCell.swift in Sources */ = {isa = PBXBuildFile; fileRef = 407662451C877AB500A211AB /* PokemonSkillCell.swift */; };
		407C3ADF1C85F92700F450FF /* AppDelegate.swift in Sources */ = {isa = PBXBuildFile; fileRef = 407C3ADE1C85F92700F450FF /* AppDelegate.swift */; };
		407C3AE11C85F92700F450FF /* ViewController.swift in Sources */ = {isa = PBXBuildFile; fileRef = 407C3AE01C85F92700F450FF /* ViewController.swift */; };
		407C3AE41C85F92700F450FF /* Main.storyboard in Resources */ = {isa = PBXBuildFile; fileRef = 407C3AE21C85F92700F450FF /* Main.storyboard */; };
		407C3AE61C85F92700F450FF /* Assets.xcassets in Resources */ = {isa = PBXBuildFile; fileRef = 407C3AE51C85F92700F450FF /* Assets.xcassets */; };
		407C3AE91C85F92700F450FF /* LaunchScreen.storyboard in Resources */ = {isa = PBXBuildFile; fileRef = 407C3AE71C85F92700F450FF /* LaunchScreen.storyboard */; };
		407C3AF41C85F92700F450FF /* pokemonTests.swift in Sources */ = {isa = PBXBuildFile; fileRef = 407C3AF31C85F92700F450FF /* pokemonTests.swift */; };
		407C3AFF1C85F92700F450FF /* pokemonUITests.swift in Sources */ = {isa = PBXBuildFile; fileRef = 407C3AFE1C85F92700F450FF /* pokemonUITests.swift */; };
		407C3B0D1C85FB5C00F450FF /* PokedexMain.swift in Sources */ = {isa = PBXBuildFile; fileRef = 407C3B0C1C85FB5C00F450FF /* PokedexMain.swift */; };
		407C3B0F1C8605EB00F450FF /* Trainer.swift in Sources */ = {isa = PBXBuildFile; fileRef = 407C3B0E1C8605EB00F450FF /* Trainer.swift */; };
		407C3B111C86071F00F450FF /* Pokemon.swift in Sources */ = {isa = PBXBuildFile; fileRef = 407C3B101C86071F00F450FF /* Pokemon.swift */; };
		407C3B131C86079600F450FF /* Status.swift in Sources */ = {isa = PBXBuildFile; fileRef = 407C3B121C86079600F450FF /* Status.swift */; };
		407C3B161C86087F00F450FF /* Skill.swift in Sources */ = {isa = PBXBuildFile; fileRef = 407C3B151C86087F00F450FF /* Skill.swift */; };
		407C3B181C860E9C00F450FF /* PokemonCell.swift in Sources */ = {isa = PBXBuildFile; fileRef = 407C3B171C860E9C00F450FF /* PokemonCell.swift */; };
		409192531C8A0D780027812D /* LoginController.swift in Sources */ = {isa = PBXBuildFile; fileRef = 409192521C8A0D780027812D /* LoginController.swift */; };
		40BACE241C90908D00EFB6DB /* pokemons.json in Resources */ = {isa = PBXBuildFile; fileRef = 40BACE231C90908D00EFB6DB /* pokemons.json */; };
		AC6B8F0DDB4D2B177149777B /* Pods_pokemon.framework in Frameworks */ = {isa = PBXBuildFile; fileRef = 844F22D4B525A083BFD5F523 /* Pods_pokemon.framework */; };
/* End PBXBuildFile section */

/* Begin PBXContainerItemProxy section */
		407C3AF01C85F92700F450FF /* PBXContainerItemProxy */ = {
			isa = PBXContainerItemProxy;
			containerPortal = 407C3AD31C85F92700F450FF /* Project object */;
			proxyType = 1;
			remoteGlobalIDString = 407C3ADA1C85F92700F450FF;
			remoteInfo = pokemon;
		};
		407C3AFB1C85F92700F450FF /* PBXContainerItemProxy */ = {
			isa = PBXContainerItemProxy;
			containerPortal = 407C3AD31C85F92700F450FF /* Project object */;
			proxyType = 1;
			remoteGlobalIDString = 407C3ADA1C85F92700F450FF;
			remoteInfo = pokemon;
		};
/* End PBXContainerItemProxy section */

/* Begin PBXCopyFilesBuildPhase section */
		407C3B3A1C861E4400F450FF /* Embed Frameworks */ = {
			isa = PBXCopyFilesBuildPhase;
			buildActionMask = 2147483647;
			dstPath = "";
			dstSubfolderSpec = 10;
			files = (
			);
			name = "Embed Frameworks";
			runOnlyForDeploymentPostprocessing = 0;
		};
/* End PBXCopyFilesBuildPhase section */

/* Begin PBXFileReference section */
		4076623A1C877A3900A211AB /* DetailPokemon.swift */ = {isa = PBXFileReference; fileEncoding = 4; lastKnownFileType = sourcecode.swift; path = DetailPokemon.swift; sourceTree = "<group>"; };
		407662451C877AB500A211AB /* PokemonSkillCell.swift */ = {isa = PBXFileReference; fileEncoding = 4; lastKnownFileType = sourcecode.swift; path = PokemonSkillCell.swift; sourceTree = "<group>"; };
		407C3ADB1C85F92700F450FF /* pokemon.app */ = {isa = PBXFileReference; explicitFileType = wrapper.application; includeInIndex = 0; path = pokemon.app; sourceTree = BUILT_PRODUCTS_DIR; };
		407C3ADE1C85F92700F450FF /* AppDelegate.swift */ = {isa = PBXFileReference; lastKnownFileType = sourcecode.swift; path = AppDelegate.swift; sourceTree = "<group>"; };
		407C3AE01C85F92700F450FF /* ViewController.swift */ = {isa = PBXFileReference; lastKnownFileType = sourcecode.swift; path = ViewController.swift; sourceTree = "<group>"; };
		407C3AE31C85F92700F450FF /* Base */ = {isa = PBXFileReference; lastKnownFileType = file.storyboard; name = Base; path = Base.lproj/Main.storyboard; sourceTree = "<group>"; };
		407C3AE51C85F92700F450FF /* Assets.xcassets */ = {isa = PBXFileReference; lastKnownFileType = folder.assetcatalog; path = Assets.xcassets; sourceTree = "<group>"; };
		407C3AE81C85F92700F450FF /* Base */ = {isa = PBXFileReference; lastKnownFileType = file.storyboard; name = Base; path = Base.lproj/LaunchScreen.storyboard; sourceTree = "<group>"; };
		407C3AEA1C85F92700F450FF /* Info.plist */ = {isa = PBXFileReference; lastKnownFileType = text.plist.xml; path = Info.plist; sourceTree = "<group>"; };
		407C3AEF1C85F92700F450FF /* pokemonTests.xctest */ = {isa = PBXFileReference; explicitFileType = wrapper.cfbundle; includeInIndex = 0; path = pokemonTests.xctest; sourceTree = BUILT_PRODUCTS_DIR; };
		407C3AF31C85F92700F450FF /* pokemonTests.swift */ = {isa = PBXFileReference; lastKnownFileType = sourcecode.swift; path = pokemonTests.swift; sourceTree = "<group>"; };
		407C3AF51C85F92700F450FF /* Info.plist */ = {isa = PBXFileReference; lastKnownFileType = text.plist.xml; path = Info.plist; sourceTree = "<group>"; };
		407C3AFA1C85F92700F450FF /* pokemonUITests.xctest */ = {isa = PBXFileReference; explicitFileType = wrapper.cfbundle; includeInIndex = 0; path = pokemonUITests.xctest; sourceTree = BUILT_PRODUCTS_DIR; };
		407C3AFE1C85F92700F450FF /* pokemonUITests.swift */ = {isa = PBXFileReference; lastKnownFileType = sourcecode.swift; path = pokemonUITests.swift; sourceTree = "<group>"; };
		407C3B001C85F92700F450FF /* Info.plist */ = {isa = PBXFileReference; lastKnownFileType = text.plist.xml; path = Info.plist; sourceTree = "<group>"; };
		407C3B0C1C85FB5C00F450FF /* PokedexMain.swift */ = {isa = PBXFileReference; fileEncoding = 4; lastKnownFileType = sourcecode.swift; path = PokedexMain.swift; sourceTree = "<group>"; };
		407C3B0E1C8605EB00F450FF /* Trainer.swift */ = {isa = PBXFileReference; fileEncoding = 4; lastKnownFileType = sourcecode.swift; path = Trainer.swift; sourceTree = "<group>"; };
		407C3B101C86071F00F450FF /* Pokemon.swift */ = {isa = PBXFileReference; fileEncoding = 4; lastKnownFileType = sourcecode.swift; path = Pokemon.swift; sourceTree = "<group>"; };
		407C3B121C86079600F450FF /* Status.swift */ = {isa = PBXFileReference; fileEncoding = 4; lastKnownFileType = sourcecode.swift; path = Status.swift; sourceTree = "<group>"; };
		407C3B151C86087F00F450FF /* Skill.swift */ = {isa = PBXFileReference; fileEncoding = 4; lastKnownFileType = sourcecode.swift; path = Skill.swift; sourceTree = "<group>"; };
		407C3B171C860E9C00F450FF /* PokemonCell.swift */ = {isa = PBXFileReference; fileEncoding = 4; lastKnownFileType = sourcecode.swift; name = PokemonCell.swift; path = ../PokemonCell.swift; sourceTree = "<group>"; };
		409192521C8A0D780027812D /* LoginController.swift */ = {isa = PBXFileReference; fileEncoding = 4; lastKnownFileType = sourcecode.swift; name = LoginController.swift; path = ../LoginController.swift; sourceTree = "<group>"; };
		40BACE231C90908D00EFB6DB /* pokemons.json */ = {isa = PBXFileReference; fileEncoding = 4; lastKnownFileType = text.json; path = pokemons.json; sourceTree = "<group>"; };
		844F22D4B525A083BFD5F523 /* Pods_pokemon.framework */ = {isa = PBXFileReference; explicitFileType = wrapper.framework; includeInIndex = 0; path = Pods_pokemon.framework; sourceTree = BUILT_PRODUCTS_DIR; };
		A11341B210EA4E340520B467 /* Pods-pokemon.release.xcconfig */ = {isa = PBXFileReference; includeInIndex = 1; lastKnownFileType = text.xcconfig; name = "Pods-pokemon.release.xcconfig"; path = "Pods/Target Support Files/Pods-pokemon/Pods-pokemon.release.xcconfig"; sourceTree = "<group>"; };
		C9BB7FE6945ACD4D8466E880 /* Pods-pokemon.debug.xcconfig */ = {isa = PBXFileReference; includeInIndex = 1; lastKnownFileType = text.xcconfig; name = "Pods-pokemon.debug.xcconfig"; path = "Pods/Target Support Files/Pods-pokemon/Pods-pokemon.debug.xcconfig"; sourceTree = "<group>"; };
/* End PBXFileReference section */

/* Begin PBXFrameworksBuildPhase section */
		407C3AD81C85F92700F450FF /* Frameworks */ = {
			isa = PBXFrameworksBuildPhase;
			buildActionMask = 2147483647;
			files = (
				AC6B8F0DDB4D2B177149777B /* Pods_pokemon.framework in Frameworks */,
			);
			runOnlyForDeploymentPostprocessing = 0;
		};
		407C3AEC1C85F92700F450FF /* Frameworks */ = {
			isa = PBXFrameworksBuildPhase;
			buildActionMask = 2147483647;
			files = (
			);
			runOnlyForDeploymentPostprocessing = 0;
		};
		407C3AF71C85F92700F450FF /* Frameworks */ = {
			isa = PBXFrameworksBuildPhase;
			buildActionMask = 2147483647;
			files = (
			);
			runOnlyForDeploymentPostprocessing = 0;
		};
/* End PBXFrameworksBuildPhase section */

/* Begin PBXGroup section */
		407662471C89F1CF00A211AB /* Custom Cells */ = {
			isa = PBXGroup;
			children = (
				407C3B171C860E9C00F450FF /* PokemonCell.swift */,
				407662451C877AB500A211AB /* PokemonSkillCell.swift */,
			);
			name = "Custom Cells";
			sourceTree = "<group>";
		};
		407662481C89F1E600A211AB /* Controller */ = {
			isa = PBXGroup;
			children = (
				407C3AE01C85F92700F450FF /* ViewController.swift */,
				4076623A1C877A3900A211AB /* DetailPokemon.swift */,
				407C3B0C1C85FB5C00F450FF /* PokedexMain.swift */,
			);
			name = Controller;
			sourceTree = "<group>";
		};
		407C3AD21C85F92700F450FF = {
			isa = PBXGroup;
			children = (
				407C3ADD1C85F92700F450FF /* pokemon */,
				407C3AF21C85F92700F450FF /* pokemonTests */,
				407C3AFD1C85F92700F450FF /* pokemonUITests */,
				407C3ADC1C85F92700F450FF /* Products */,
				9FECD12F313123F2571D2BDE /* Pods */,
				9F4C98FF4B51E81D5622CF4A /* Frameworks */,
			);
			sourceTree = "<group>";
		};
		407C3ADC1C85F92700F450FF /* Products */ = {
			isa = PBXGroup;
			children = (
				407C3ADB1C85F92700F450FF /* pokemon.app */,
				407C3AEF1C85F92700F450FF /* pokemonTests.xctest */,
				407C3AFA1C85F92700F450FF /* pokemonUITests.xctest */,
			);
			name = Products;
			sourceTree = "<group>";
		};
		407C3ADD1C85F92700F450FF /* pokemon */ = {
			isa = PBXGroup;
			children = (
				40BACE231C90908D00EFB6DB /* pokemons.json */,
				409192521C8A0D780027812D /* LoginController.swift */,
				407C3ADE1C85F92700F450FF /* AppDelegate.swift */,
				407662471C89F1CF00A211AB /* Custom Cells */,
				407C3B141C8607B500F450FF /* Model */,
				407662481C89F1E600A211AB /* Controller */,
				407C3AE21C85F92700F450FF /* Main.storyboard */,
				407C3AE51C85F92700F450FF /* Assets.xcassets */,
				407C3AE71C85F92700F450FF /* LaunchScreen.storyboard */,
				407C3AEA1C85F92700F450FF /* Info.plist */,
			);
			path = pokemon;
			sourceTree = "<group>";
		};
		407C3AF21C85F92700F450FF /* pokemonTests */ = {
			isa = PBXGroup;
			children = (
				407C3AF31C85F92700F450FF /* pokemonTests.swift */,
				407C3AF51C85F92700F450FF /* Info.plist */,
			);
			path = pokemonTests;
			sourceTree = "<group>";
		};
		407C3AFD1C85F92700F450FF /* pokemonUITests */ = {
			isa = PBXGroup;
			children = (
				407C3AFE1C85F92700F450FF /* pokemonUITests.swift */,
				407C3B001C85F92700F450FF /* Info.plist */,
			);
			path = pokemonUITests;
			sourceTree = "<group>";
		};
		407C3B141C8607B500F450FF /* Model */ = {
			isa = PBXGroup;
			children = (
				407C3B0E1C8605EB00F450FF /* Trainer.swift */,
				407C3B101C86071F00F450FF /* Pokemon.swift */,
				407C3B121C86079600F450FF /* Status.swift */,
				407C3B151C86087F00F450FF /* Skill.swift */,
			);
			name = Model;
			sourceTree = "<group>";
		};
		9F4C98FF4B51E81D5622CF4A /* Frameworks */ = {
			isa = PBXGroup;
			children = (
				844F22D4B525A083BFD5F523 /* Pods_pokemon.framework */,
			);
			name = Frameworks;
			sourceTree = "<group>";
		};
		9FECD12F313123F2571D2BDE /* Pods */ = {
			isa = PBXGroup;
			children = (
				C9BB7FE6945ACD4D8466E880 /* Pods-pokemon.debug.xcconfig */,
				A11341B210EA4E340520B467 /* Pods-pokemon.release.xcconfig */,
			);
			name = Pods;
			sourceTree = "<group>";
		};
/* End PBXGroup section */

/* Begin PBXNativeTarget section */
		407C3ADA1C85F92700F450FF /* pokemon */ = {
			isa = PBXNativeTarget;
			buildConfigurationList = 407C3B031C85F92700F450FF /* Build configuration list for PBXNativeTarget "pokemon" */;
			buildPhases = (
				A08B2452444C2080D8AFEB86 /* Check Pods Manifest.lock */,
				407C3AD71C85F92700F450FF /* Sources */,
				407C3AD81C85F92700F450FF /* Frameworks */,
				407C3AD91C85F92700F450FF /* Resources */,
				407C3B3A1C861E4400F450FF /* Embed Frameworks */,
				78159C5EBEEB4892E91F83FE /* Embed Pods Frameworks */,
				B2B655729AA7E2D792D4E125 /* Copy Pods Resources */,
			);
			buildRules = (
			);
			dependencies = (
			);
			name = pokemon;
			productName = pokemon;
			productReference = 407C3ADB1C85F92700F450FF /* pokemon.app */;
			productType = "com.apple.product-type.application";
		};
		407C3AEE1C85F92700F450FF /* pokemonTests */ = {
			isa = PBXNativeTarget;
			buildConfigurationList = 407C3B061C85F92700F450FF /* Build configuration list for PBXNativeTarget "pokemonTests" */;
			buildPhases = (
				407C3AEB1C85F92700F450FF /* Sources */,
				407C3AEC1C85F92700F450FF /* Frameworks */,
				407C3AED1C85F92700F450FF /* Resources */,
			);
			buildRules = (
			);
			dependencies = (
				407C3AF11C85F92700F450FF /* PBXTargetDependency */,
			);
			name = pokemonTests;
			productName = pokemonTests;
			productReference = 407C3AEF1C85F92700F450FF /* pokemonTests.xctest */;
			productType = "com.apple.product-type.bundle.unit-test";
		};
		407C3AF91C85F92700F450FF /* pokemonUITests */ = {
			isa = PBXNativeTarget;
			buildConfigurationList = 407C3B091C85F92700F450FF /* Build configuration list for PBXNativeTarget "pokemonUITests" */;
			buildPhases = (
				407C3AF61C85F92700F450FF /* Sources */,
				407C3AF71C85F92700F450FF /* Frameworks */,
				407C3AF81C85F92700F450FF /* Resources */,
			);
			buildRules = (
			);
			dependencies = (
				407C3AFC1C85F92700F450FF /* PBXTargetDependency */,
			);
			name = pokemonUITests;
			productName = pokemonUITests;
			productReference = 407C3AFA1C85F92700F450FF /* pokemonUITests.xctest */;
			productType = "com.apple.product-type.bundle.ui-testing";
		};
/* End PBXNativeTarget section */

/* Begin PBXProject section */
		407C3AD31C85F92700F450FF /* Project object */ = {
			isa = PBXProject;
			attributes = {
				LastSwiftUpdateCheck = 0720;
				LastUpgradeCheck = 0720;
				ORGANIZATIONNAME = "Ami Garcia";
				TargetAttributes = {
					407C3ADA1C85F92700F450FF = {
						CreatedOnToolsVersion = 7.2;
					};
					407C3AEE1C85F92700F450FF = {
						CreatedOnToolsVersion = 7.2;
						TestTargetID = 407C3ADA1C85F92700F450FF;
					};
					407C3AF91C85F92700F450FF = {
						CreatedOnToolsVersion = 7.2;
						TestTargetID = 407C3ADA1C85F92700F450FF;
					};
				};
			};
			buildConfigurationList = 407C3AD61C85F92700F450FF /* Build configuration list for PBXProject "pokemon" */;
			compatibilityVersion = "Xcode 3.2";
			developmentRegion = English;
			hasScannedForEncodings = 0;
			knownRegions = (
				en,
				Base,
			);
			mainGroup = 407C3AD21C85F92700F450FF;
			productRefGroup = 407C3ADC1C85F92700F450FF /* Products */;
			projectDirPath = "";
			projectRoot = "";
			targets = (
				407C3ADA1C85F92700F450FF /* pokemon */,
				407C3AEE1C85F92700F450FF /* pokemonTests */,
				407C3AF91C85F92700F450FF /* pokemonUITests */,
			);
		};
/* End PBXProject section */

/* Begin PBXResourcesBuildPhase section */
		407C3AD91C85F92700F450FF /* Resources */ = {
			isa = PBXResourcesBuildPhase;
			buildActionMask = 2147483647;
			files = (
				407C3AE91C85F92700F450FF /* LaunchScreen.storyboard in Resources */,
				40BACE241C90908D00EFB6DB /* pokemons.json in Resources */,
				407C3AE61C85F92700F450FF /* Assets.xcassets in Resources */,
				407C3AE41C85F92700F450FF /* Main.storyboard in Resources */,
			);
			runOnlyForDeploymentPostprocessing = 0;
		};
		407C3AED1C85F92700F450FF /* Resources */ = {
			isa = PBXResourcesBuildPhase;
			buildActionMask = 2147483647;
			files = (
			);
			runOnlyForDeploymentPostprocessing = 0;
		};
		407C3AF81C85F92700F450FF /* Resources */ = {
			isa = PBXResourcesBuildPhase;
			buildActionMask = 2147483647;
			files = (
			);
			runOnlyForDeploymentPostprocessing = 0;
		};
/* End PBXResourcesBuildPhase section */

/* Begin PBXShellScriptBuildPhase section */
		78159C5EBEEB4892E91F83FE /* Embed Pods Frameworks */ = {
			isa = PBXShellScriptBuildPhase;
			buildActionMask = 2147483647;
			files = (
			);
			inputPaths = (
			);
			name = "Embed Pods Frameworks";
			outputPaths = (
			);
			runOnlyForDeploymentPostprocessing = 0;
			shellPath = /bin/sh;
			shellScript = "\"${SRCROOT}/Pods/Target Support Files/Pods-pokemon/Pods-pokemon-frameworks.sh\"\n";
			showEnvVarsInLog = 0;
		};
		A08B2452444C2080D8AFEB86 /* Check Pods Manifest.lock */ = {
			isa = PBXShellScriptBuildPhase;
			buildActionMask = 2147483647;
			files = (
			);
			inputPaths = (
			);
			name = "Check Pods Manifest.lock";
			outputPaths = (
			);
			runOnlyForDeploymentPostprocessing = 0;
			shellPath = /bin/sh;
			shellScript = "diff \"${PODS_ROOT}/../Podfile.lock\" \"${PODS_ROOT}/Manifest.lock\" > /dev/null\nif [[ $? != 0 ]] ; then\n    cat << EOM\nerror: The sandbox is not in sync with the Podfile.lock. Run 'pod install' or update your CocoaPods installation.\nEOM\n    exit 1\nfi\n";
			showEnvVarsInLog = 0;
		};
		B2B655729AA7E2D792D4E125 /* Copy Pods Resources */ = {
			isa = PBXShellScriptBuildPhase;
			buildActionMask = 2147483647;
			files = (
			);
			inputPaths = (
			);
			name = "Copy Pods Resources";
			outputPaths = (
			);
			runOnlyForDeploymentPostprocessing = 0;
			shellPath = /bin/sh;
			shellScript = "\"${SRCROOT}/Pods/Target Support Files/Pods-pokemon/Pods-pokemon-resources.sh\"\n";
			showEnvVarsInLog = 0;
		};
/* End PBXShellScriptBuildPhase section */

/* Begin PBXSourcesBuildPhase section */
		407C3AD71C85F92700F450FF /* Sources */ = {
			isa = PBXSourcesBuildPhase;
			buildActionMask = 2147483647;
			files = (
				409192531C8A0D780027812D /* LoginController.swift in Sources */,
				407C3B161C86087F00F450FF /* Skill.swift in Sources */,
				407C3B111C86071F00F450FF /* Pokemon.swift in Sources */,
				407C3B0D1C85FB5C00F450FF /* PokedexMain.swift in Sources */,
				407C3B0F1C8605EB00F450FF /* Trainer.swift in Sources */,
				4076623B1C877A3900A211AB /* DetailPokemon.swift in Sources */,
				407C3AE11C85F92700F450FF /* ViewController.swift in Sources */,
				407C3B181C860E9C00F450FF /* PokemonCell.swift in Sources */,
				407C3ADF1C85F92700F450FF /* AppDelegate.swift in Sources */,
				407C3B131C86079600F450FF /* Status.swift in Sources */,
				407662461C877AB500A211AB /* PokemonSkillCell.swift in Sources */,
			);
			runOnlyForDeploymentPostprocessing = 0;
		};
		407C3AEB1C85F92700F450FF /* Sources */ = {
			isa = PBXSourcesBuildPhase;
			buildActionMask = 2147483647;
			files = (
				407C3AF41C85F92700F450FF /* pokemonTests.swift in Sources */,
			);
			runOnlyForDeploymentPostprocessing = 0;
		};
		407C3AF61C85F92700F450FF /* Sources */ = {
			isa = PBXSourcesBuildPhase;
			buildActionMask = 2147483647;
			files = (
				407C3AFF1C85F92700F450FF /* pokemonUITests.swift in Sources */,
			);
			runOnlyForDeploymentPostprocessing = 0;
		};
/* End PBXSourcesBuildPhase section */

/* Begin PBXTargetDependency section */
		407C3AF11C85F92700F450FF /* PBXTargetDependency */ = {
			isa = PBXTargetDependency;
			target = 407C3ADA1C85F92700F450FF /* pokemon */;
			targetProxy = 407C3AF01C85F92700F450FF /* PBXContainerItemProxy */;
		};
		407C3AFC1C85F92700F450FF /* PBXTargetDependency */ = {
			isa = PBXTargetDependency;
			target = 407C3ADA1C85F92700F450FF /* pokemon */;
			targetProxy = 407C3AFB1C85F92700F450FF /* PBXContainerItemProxy */;
		};
/* End PBXTargetDependency section */

/* Begin PBXVariantGroup section */
		407C3AE21C85F92700F450FF /* Main.storyboard */ = {
			isa = PBXVariantGroup;
			children = (
				407C3AE31C85F92700F450FF /* Base */,
			);
			name = Main.storyboard;
			sourceTree = "<group>";
		};
		407C3AE71C85F92700F450FF /* LaunchScreen.storyboard */ = {
			isa = PBXVariantGroup;
			children = (
				407C3AE81C85F92700F450FF /* Base */,
			);
			name = LaunchScreen.storyboard;
			sourceTree = "<group>";
		};
/* End PBXVariantGroup section */

/* Begin XCBuildConfiguration section */
		407C3B011C85F92700F450FF /* Debug */ = {
			isa = XCBuildConfiguration;
			buildSettings = {
				ALWAYS_SEARCH_USER_PATHS = NO;
				CLANG_CXX_LANGUAGE_STANDARD = "gnu++0x";
				CLANG_CXX_LIBRARY = "libc++";
				CLANG_ENABLE_MODULES = YES;
				CLANG_ENABLE_OBJC_ARC = YES;
				CLANG_WARN_BOOL_CONVERSION = YES;
				CLANG_WARN_CONSTANT_CONVERSION = YES;
				CLANG_WARN_DIRECT_OBJC_ISA_USAGE = YES_ERROR;
				CLANG_WARN_EMPTY_BODY = YES;
				CLANG_WARN_ENUM_CONVERSION = YES;
				CLANG_WARN_INT_CONVERSION = YES;
				CLANG_WARN_OBJC_ROOT_CLASS = YES_ERROR;
				CLANG_WARN_UNREACHABLE_CODE = YES;
				CLANG_WARN__DUPLICATE_METHOD_MATCH = YES;
				"CODE_SIGN_IDENTITY[sdk=iphoneos*]" = "iPhone Developer";
				COPY_PHASE_STRIP = NO;
				DEBUG_INFORMATION_FORMAT = dwarf;
				ENABLE_STRICT_OBJC_MSGSEND = YES;
				ENABLE_TESTABILITY = YES;
				GCC_C_LANGUAGE_STANDARD = gnu99;
				GCC_DYNAMIC_NO_PIC = NO;
				GCC_NO_COMMON_BLOCKS = YES;
				GCC_OPTIMIZATION_LEVEL = 0;
				GCC_PREPROCESSOR_DEFINITIONS = (
					"DEBUG=1",
					"$(inherited)",
				);
				GCC_WARN_64_TO_32_BIT_CONVERSION = YES;
				GCC_WARN_ABOUT_RETURN_TYPE = YES_ERROR;
				GCC_WARN_UNDECLARED_SELECTOR = YES;
				GCC_WARN_UNINITIALIZED_AUTOS = YES_AGGRESSIVE;
				GCC_WARN_UNUSED_FUNCTION = YES;
				GCC_WARN_UNUSED_VARIABLE = YES;
				IPHONEOS_DEPLOYMENT_TARGET = 9.2;
				MTL_ENABLE_DEBUG_INFO = YES;
				ONLY_ACTIVE_ARCH = YES;
				SDKROOT = iphoneos;
				SWIFT_OPTIMIZATION_LEVEL = "-Onone";
				TARGETED_DEVICE_FAMILY = "1,2";
			};
			name = Debug;
		};
		407C3B021C85F92700F450FF /* Release */ = {
			isa = XCBuildConfiguration;
			buildSettings = {
				ALWAYS_SEARCH_USER_PATHS = NO;
				CLANG_CXX_LANGUAGE_STANDARD = "gnu++0x";
				CLANG_CXX_LIBRARY = "libc++";
				CLANG_ENABLE_MODULES = YES;
				CLANG_ENABLE_OBJC_ARC = YES;
				CLANG_WARN_BOOL_CONVERSION = YES;
				CLANG_WARN_CONSTANT_CONVERSION = YES;
				CLANG_WARN_DIRECT_OBJC_ISA_USAGE = YES_ERROR;
				CLANG_WARN_EMPTY_BODY = YES;
				CLANG_WARN_ENUM_CONVERSION = YES;
				CLANG_WARN_INT_CONVERSION = YES;
				CLANG_WARN_OBJC_ROOT_CLASS = YES_ERROR;
				CLANG_WARN_UNREACHABLE_CODE = YES;
				CLANG_WARN__DUPLICATE_METHOD_MATCH = YES;
				"CODE_SIGN_IDENTITY[sdk=iphoneos*]" = "iPhone Developer";
				COPY_PHASE_STRIP = NO;
				DEBUG_INFORMATION_FORMAT = "dwarf-with-dsym";
				ENABLE_NS_ASSERTIONS = NO;
				ENABLE_STRICT_OBJC_MSGSEND = YES;
				GCC_C_LANGUAGE_STANDARD = gnu99;
				GCC_NO_COMMON_BLOCKS = YES;
				GCC_WARN_64_TO_32_BIT_CONVERSION = YES;
				GCC_WARN_ABOUT_RETURN_TYPE = YES_ERROR;
				GCC_WARN_UNDECLARED_SELECTOR = YES;
				GCC_WARN_UNINITIALIZED_AUTOS = YES_AGGRESSIVE;
				GCC_WARN_UNUSED_FUNCTION = YES;
				GCC_WARN_UNUSED_VARIABLE = YES;
				IPHONEOS_DEPLOYMENT_TARGET = 9.2;
				MTL_ENABLE_DEBUG_INFO = NO;
				SDKROOT = iphoneos;
				TARGETED_DEVICE_FAMILY = "1,2";
				VALIDATE_PRODUCT = YES;
			};
			name = Release;
		};
		407C3B041C85F92700F450FF /* Debug */ = {
			isa = XCBuildConfiguration;
			baseConfigurationReference = C9BB7FE6945ACD4D8466E880 /* Pods-pokemon.debug.xcconfig */;
			buildSettings = {
				ASSETCATALOG_COMPILER_APPICON_NAME = AppIcon;
				EMBEDDED_CONTENT_CONTAINS_SWIFT = YES;
				INFOPLIST_FILE = pokemon/Info.plist;
				LD_RUNPATH_SEARCH_PATHS = "$(inherited) @executable_path/Frameworks";
				PRODUCT_BUNDLE_IDENTIFIER = com.AmiGarcia.pokemon;
				PRODUCT_NAME = "$(TARGET_NAME)";
			};
			name = Debug;
		};
		407C3B051C85F92700F450FF /* Release */ = {
			isa = XCBuildConfiguration;
			baseConfigurationReference = A11341B210EA4E340520B467 /* Pods-pokemon.release.xcconfig */;
			buildSettings = {
				ASSETCATALOG_COMPILER_APPICON_NAME = AppIcon;
				EMBEDDED_CONTENT_CONTAINS_SWIFT = YES;
				INFOPLIST_FILE = pokemon/Info.plist;
				LD_RUNPATH_SEARCH_PATHS = "$(inherited) @executable_path/Frameworks";
				PRODUCT_BUNDLE_IDENTIFIER = com.AmiGarcia.pokemon;
				PRODUCT_NAME = "$(TARGET_NAME)";
			};
			name = Release;
		};
		407C3B071C85F92700F450FF /* Debug */ = {
			isa = XCBuildConfiguration;
			buildSettings = {
				BUNDLE_LOADER = "$(TEST_HOST)";
				INFOPLIST_FILE = pokemonTests/Info.plist;
				LD_RUNPATH_SEARCH_PATHS = "$(inherited) @executable_path/Frameworks @loader_path/Frameworks";
				PRODUCT_BUNDLE_IDENTIFIER = com.AmiGarcia.pokemonTests;
				PRODUCT_NAME = "$(TARGET_NAME)";
				TEST_HOST = "$(BUILT_PRODUCTS_DIR)/pokemon.app/pokemon";
			};
			name = Debug;
		};
		407C3B081C85F92700F450FF /* Release */ = {
			isa = XCBuildConfiguration;
			buildSettings = {
				BUNDLE_LOADER = "$(TEST_HOST)";
				INFOPLIST_FILE = pokemonTests/Info.plist;
				LD_RUNPATH_SEARCH_PATHS = "$(inherited) @executable_path/Frameworks @loader_path/Frameworks";
				PRODUCT_BUNDLE_IDENTIFIER = com.AmiGarcia.pokemonTests;
				PRODUCT_NAME = "$(TARGET_NAME)";
				TEST_HOST = "$(BUILT_PRODUCTS_DIR)/pokemon.app/pokemon";
			};
			name = Release;
		};
		407C3B0A1C85F92700F450FF /* Debug */ = {
			isa = XCBuildConfiguration;
			buildSettings = {
				INFOPLIST_FILE = pokemonUITests/Info.plist;
				LD_RUNPATH_SEARCH_PATHS = "$(inherited) @executable_path/Frameworks @loader_path/Frameworks";
				PRODUCT_BUNDLE_IDENTIFIER = com.AmiGarcia.pokemonUITests;
				PRODUCT_NAME = "$(TARGET_NAME)";
				TEST_TARGET_NAME = pokemon;
				USES_XCTRUNNER = YES;
			};
			name = Debug;
		};
		407C3B0B1C85F92700F450FF /* Release */ = {
			isa = XCBuildConfiguration;
			buildSettings = {
				INFOPLIST_FILE = pokemonUITests/Info.plist;
				LD_RUNPATH_SEARCH_PATHS = "$(inherited) @executable_path/Frameworks @loader_path/Frameworks";
				PRODUCT_BUNDLE_IDENTIFIER = com.AmiGarcia.pokemonUITests;
				PRODUCT_NAME = "$(TARGET_NAME)";
				TEST_TARGET_NAME = pokemon;
				USES_XCTRUNNER = YES;
			};
			name = Release;
		};
/* End XCBuildConfiguration section */

/* Begin XCConfigurationList section */
		407C3AD61C85F92700F450FF /* Build configuration list for PBXProject "pokemon" */ = {
			isa = XCConfigurationList;
			buildConfigurations = (
				407C3B011C85F92700F450FF /* Debug */,
				407C3B021C85F92700F450FF /* Release */,
			);
			defaultConfigurationIsVisible = 0;
			defaultConfigurationName = Release;
		};
		407C3B031C85F92700F450FF /* Build configuration list for PBXNativeTarget "pokemon" */ = {
			isa = XCConfigurationList;
			buildConfigurations = (
				407C3B041C85F92700F450FF /* Debug */,
				407C3B051C85F92700F450FF /* Release */,
			);
			defaultConfigurationIsVisible = 0;
			defaultConfigurationName = Release;
		};
		407C3B061C85F92700F450FF /* Build configuration list for PBXNativeTarget "pokemonTests" */ = {
			isa = XCConfigurationList;
			buildConfigurations = (
				407C3B071C85F92700F450FF /* Debug */,
				407C3B081C85F92700F450FF /* Release */,
			);
			defaultConfigurationIsVisible = 0;
			defaultConfigurationName = Release;
		};
		407C3B091C85F92700F450FF /* Build configuration list for PBXNativeTarget "pokemonUITests" */ = {
			isa = XCConfigurationList;
			buildConfigurations = (
				407C3B0A1C85F92700F450FF /* Debug */,
				407C3B0B1C85F92700F450FF /* Release */,
			);
			defaultConfigurationIsVisible = 0;
			defaultConfigurationName = Release;
		};
/* End XCConfigurationList section */
	};
	rootObject = 407C3AD31C85F92700F450FF /* Project object */;
}
